
Microsoft Visual Studio Solution File, Format Version 12.00
# Visual Studio Version 17
VisualStudioVersion = 17.2.32616.157
MinimumVisualStudioVersion = 10.0.40219.1
Project("{FAE04EC0-301F-11D3-BF4B-00C04F79EFBC}") = "KattisProblems", "KattisProblems\KattisProblems.csproj", "{462DD43B-58FE-46EE-A4C4-5A27323CF8F0}"
EndProject
Global
	GlobalSection(SolutionConfigurationPlatforms) = preSolution
		Debug|Any CPU = Debug|Any CPU
		Release|Any CPU = Release|Any CPU
	EndGlobalSection
	GlobalSection(ProjectConfigurationPlatforms) = postSolution
		{462DD43B-58FE-46EE-A4C4-5A27323CF8F0}.Debug|Any CPU.ActiveCfg = Debug|Any CPU
		{462DD43B-58FE-46EE-A4C4-5A27323CF8F0}.Debug|Any CPU.Build.0 = Debug|Any CPU
		{462DD43B-58FE-46EE-A4C4-5A27323CF8F0}.Release|Any CPU.ActiveCfg = Release|Any CPU
		{462DD43B-58FE-46EE-A4C4-5A27323CF8F0}.Release|Any CPU.Build.0 = Release|Any CPU
	EndGlobalSection
	GlobalSection(SolutionProperties) = preSolution
		HideSolutionNode = FALSE
	EndGlobalSection
	GlobalSection(ExtensibilityGlobals) = postSolution
		SolutionGuid = {51B5819E-BB78-4EC7-9F21-925A1E741BB4}
	EndGlobalSection
EndGlobal
